<?xml version="1.0" encoding="utf-8"?>
<Project ToolsVersion="4.0" xmlns="http://schemas.microsoft.com/developer/msbuild/2003">
  <ItemGroup>
    <Filter Include="MD_Math_II">
      <UniqueIdentifier>{cbedfbfd-7efd-45a9-ac04-11afa3c75cc9}</UniqueIdentifier>
    </Filter>
    <Filter Include="Renderer">
      <UniqueIdentifier>{f6bac522-f2b9-42aa-bfb8-80db223cd9f0}</UniqueIdentifier>
    </Filter>
  </ItemGroup>
  <ItemGroup>
    <ClCompile Include="src\MD_Math_II\src\Common.cpp">
      <Filter>MD_Math_II</Filter>
    </ClCompile>
    <ClCompile Include="src\MD_Math_II\src\General.cpp">
      <Filter>MD_Math_II</Filter>
    </ClCompile>
    <ClCompile Include="src\MD_Math_II\src\Matrix.cpp">
      <Filter>MD_Math_II</Filter>
    </ClCompile>
    <ClCompile Include="src\MD_Math_II\src\Plane.cpp">
      <Filter>MD_Math_II</Filter>
    </ClCompile>
    <ClCompile Include="src\MD_Math_II\src\Quaternion.cpp">
      <Filter>MD_Math_II</Filter>
    </ClCompile>
    <ClCompile Include="src\MD_Math_II\src\Ray.cpp">
      <Filter>MD_Math_II</Filter>
    </ClCompile>
    <ClCompile Include="src\MD_Math_II\src\Transform.cpp">
      <Filter>MD_Math_II</Filter>
    </ClCompile>
    <ClCompile Include="src\MD_Math_II\src\Vector.cpp">
      <Filter>MD_Math_II</Filter>
    </ClCompile>
    <ClCompile Include="src\Renderer\Renderer.cpp">
      <Filter>Renderer</Filter>
    </ClCompile>
    <ClCompile Include="src\Renderer\Shader.cpp">
      <Filter>Renderer</Filter>
    </ClCompile>
    <ClCompile Include="src\OpenGL\src\glad.c">
      <Filter>Renderer</Filter>
    </ClCompile>
  </ItemGroup>
  <ItemGroup>
    <ClInclude Include="src\Renderer\Renderer.h">
      <Filter>Renderer</Filter>
    </ClInclude>
    <ClInclude Include="src\Renderer\Shader.h">
      <Filter>Renderer</Filter>
    </ClInclude>
    <ClInclude Include="src\Renderer\std.h">
      <Filter>Renderer</Filter>
    </ClInclude>
  </ItemGroup>
</Project>